{
  "name": "@miranext/types",
  "version": "0.0.1",
  "lockfileVersion": 3,
  "requires": true,
  "packages": {
    "": {
      "name": "@miranext/types",
      "version": "0.0.1",
      "license": "MIT",
      "devDependencies": {
        "@types/estree": "^1.0.6",
        "typescript": "^5.5.4"
      }
    },
    "node_modules/@types/estree": {
      "version": "1.0.6",
      "resolved": "https://registry.npmjs.org/@types/estree/-/estree-1.0.6.tgz",
      "integrity": "sha512-AYnb1nQyY49te+VRAVgmzfcgjYS91mY5P0TKUDCLEM+gNnA+3T6rWITXRLYCpahpqSQbN5cE+gHpnPyXjHWxcw==",
      "dev": true,
      "license": "MIT"
    },
    "node_modules/typescript": {
      "version": "5.5.4",
      "resolved": "https://registry.npmjs.org/typescript/-/typescript-5.5.4.tgz",
      "integrity": "sha512-Mtq29sKDAEYP7aljRgtPOpTvOfbwRWlS6dPRzwjdE+C0R4brX/GUyhHSecbHMFLNBLcJIPt9nl9yG5TZ1weH+Q==",
      "dev": true,
      "license": "Apache-2.0",
      "bin": {
        "tsc": "bin/tsc",
        "tsserver": "bin/tsserver"
      },
      "engines": {
        "node": ">=14.17"
      }
    }
  }
}
